{
  "originHash" : "c747624aad96a0631cd45a7ad1f2d96d53fd3340512ee95c8d77fa6300e739d1",
  "pins" : [
    {
      "identity" : "ios_tools",
      "kind" : "remoteSourceControl",
      "location" : "https://github.com/wangyendt/ios_tools",
      "state" : {
        "revision" : "013f00f8bd7a0004e671cf832177cea2e4c1e6ff",
        "version" : "1.1.8"
      }
    }
  ],
  "version" : 3
}
