{
  "originHash" : "c747624aad96a0631cd45a7ad1f2d96d53fd3340512ee95c8d77fa6300e739d1",
  "pins" : [
    {
      "identity" : "ios_tools",
      "kind" : "remoteSourceControl",
      "location" : "https://github.com/wangyendt/ios_tools",
      "state" : {
        "revision" : "00ac7e84a82bbdc876ca7d231bc98948e982bc0a",
        "version" : "1.1.1"
      }
    }
  ],
  "version" : 3
}
